{
  "name": "mikuinvidious",
  "version": "1.0.0",
  "lockfileVersion": 3,
  "requires": true,
  "packages": {
    "": {
      "name": "mikuinvidious",
      "version": "1.0.0",
      "hasInstallScript": true,
      "license": "ISC",
      "dependencies": {
        "danmaku": "^2.0.10",
        "dashjs": "^5.2.1",
        "hls-video-element": "^1.5.11",
        "hls.js": "^1.6.15",
        "media-chrome": "^4.17.2",
        "mpegts.js": "^1.8.2",
        "opencc-js": "^1.4.2"
      },
      "devDependencies": {
        "@tailwindcss/typography": "^0.5.20",
        "prettier": "^3.9.6",
        "tailwindcss": "^4.3.3"
      }
    },
    "node_modules/@svta/cml-608": {
      "version": "1.0.2",
      "resolved": "https://registry.npmjs.org/@svta/cml-608/-/cml-608-1.0.2.tgz",
      "integrity": "sha512-ZEJ68330gcLKfvVv6Qifr1HR7+GldDUxzkjqSbqRK7jHtHSLSV1JAyDwlYe8+C7ABuY1bp8MpgJ4/Gg+jl+pLQ==",
      "license": "Apache-2.0",
      "engines": {
        "node": ">=20"
      }
    },
    "node_modules/@svta/cml-cmcd": {
      "version": "2.3.2",
      "resolved": "https://registry.npmjs.org/@svta/cml-cmcd/-/cml-cmcd-2.3.2.tgz",
      "integrity": "sha512-SKBBjLmci0WK8HMjuv+36tVIMktonoOoxsXblOFZmB+ePPV2zjRMTD+2ZmE/1VEPJkKHENyhSjSHgJyeOlvZ1A==",
      "license": "Apache-2.0",
      "engines": {
        "node": ">=20"
      },
      "peerDependencies": {
        "@svta/cml-structured-field-values": "1.1.3",
        "@svta/cml-utils": "1.5.0"
      }
    },
    "node_modules/@svta/cml-cmsd": {
      "version": "1.0.6",
      "resolved": "https://registry.npmjs.org/@svta/cml-cmsd/-/cml-cmsd-1.0.6.tgz",
      "integrity": "sha512-LUORV6bb0TbU4rSC2HoPqUCix1igLrXkRQXWiIyJo2OMzb14kAK/1jsW0mzY6up6w1GrjKQcjc6OwqJdo/zd/g==",
      "license": "Apache-2.0",
      "engines": {
        "node": ">=20"
      },
      "peerDependencies": {
        "@svta/cml-cta": "1.0.6",
        "@svta/cml-structured-field-values": "1.1.3",
        "@svta/cml-utils": "1.5.0"
      }
    },
    "node_modules/@svta/cml-cta": {
      "version": "1.0.6",
      "resolved": "https://registry.npmjs.org/@svta/cml-cta/-/cml-cta-1.0.6.tgz",
      "integrity": "sha512-l13/4myTX1EbRd38nY8J1umVY5UdR/nZO6CeKqVLXnMMIayg7/fu0TueZckjTA9Loal55MGK1xbHnXVjz7OUUw==",
      "license": "Apache-2.0",
      "peer": true,
      "engines": {
        "node": ">=20"
      },
      "peerDependencies": {
        "@svta/cml-structured-field-values": "1.1.3",
        "@svta/cml-utils": "1.5.0"
      }
    },
    "node_modules/@svta/cml-dash": {
      "version": "1.0.6",
      "resolved": "https://registry.npmjs.org/@svta/cml-dash/-/cml-dash-1.0.6.tgz",
      "integrity": "sha512-4XtHYlPrzL/dRe/8XmRQoLnTo9S86tISgrl67eUqKl5MtNTpZBYTncuPrspslPZPZROBBWNrBuepYfYUtU9CKA==",
      "license": "Apache-2.0",
      "engines": {
        "node": ">=20"
      },
      "peerDependencies": {
        "@svta/cml-utils": "1.5.0"
      }
    },
    "node_modules/@svta/cml-id3": {
      "version": "1.0.6",
      "resolved": "https://registry.npmjs.org/@svta/cml-id3/-/cml-id3-1.0.6.tgz",
      "integrity": "sha512-63j8gkAnPOmOBWlp0hIZPvsIioZttdbg6/TgwITqMYbSLYVJ+6QGa/UtIP0I84NsfstANw6QdCn7i8SS08kn1A==",
      "license": "Apache-2.0",
      "engines": {
        "node": ">=20"
      },
      "peerDependencies": {
        "@svta/cml-utils": "1.5.0"
      }
    },
    "node_modules/@svta/cml-request": {
      "version": "1.0.12",
      "resolved": "https://registry.npmjs.org/@svta/cml-request/-/cml-request-1.0.12.tgz",
      "integrity": "sha512-4sJvnnoNpq58j2mCGP8k+MF6wVy/qa4gbt6kfT1dPIKmn3mPxw+JVfilhcWsUi+peK2yCZxOJJYyHj1cAcQE1w==",
      "license": "Apache-2.0",
      "engines": {
        "node": ">=20"
      },
      "peerDependencies": {
        "@svta/cml-cmcd": "2.3.2",
        "@svta/cml-utils": "1.5.0",
        "@svta/cml-xml": "1.1.4"
      }
    },
    "node_modules/@svta/cml-structured-field-values": {
      "version": "1.1.3",
      "resolved": "https://registry.npmjs.org/@svta/cml-structured-field-values/-/cml-structured-field-values-1.1.3.tgz",
      "integrity": "sha512-XqLzQOTznz6kh/nsSh8dy1kV7GQjL4csG+2U5EvLGhAqNuNUczbVg5EAsDobKDVg8xhdthdXx2UuwM+ZHQCxSg==",
      "license": "Apache-2.0",
      "peer": true,
      "engines": {
        "node": ">=20"
      },
      "peerDependencies": {
        "@svta/cml-utils": "1.5.0"
      }
    },
    "node_modules/@svta/cml-utils": {
      "version": "1.5.0",
      "resolved": "https://registry.npmjs.org/@svta/cml-utils/-/cml-utils-1.5.0.tgz",
      "integrity": "sha512-JMqclD7Akd+GSJiuaYNUHOP2wNtf/nauKeszlYeivSHfi0Lp3pmSW5PXDvJ2dO4aPmmSOQbF0ztTsW9Vcs2Whw==",
      "license": "Apache-2.0",
      "peer": true,
      "engines": {
        "node": ">=20"
      }
    },
    "node_modules/@svta/cml-xml": {
      "version": "1.1.4",
      "resolved": "https://registry.npmjs.org/@svta/cml-xml/-/cml-xml-1.1.4.tgz",
      "integrity": "sha512-jbixqjiJIc16SGxylHwiOzO+DuhkGfuP+fJ9AHeVJKdFDKnabgfCDpnp6dvZpZnjMj4nHvzVtuUV7RISPIwYXw==",
      "license": "Apache-2.0",
      "engines": {
        "node": ">=20"
      },
      "peerDependencies": {
        "@svta/cml-utils": "1.5.0"
      }
    },
    "node_modules/@tailwindcss/typography": {
      "version": "0.5.20",
      "resolved": "https://registry.npmjs.org/@tailwindcss/typography/-/typography-0.5.20.tgz",
      "integrity": "sha512-hwbzQuNUfcPvbegQFatVPl/MY/tcM9KLl963hQ5laJKPh81TEZ1+dNG9PirGvcaDBkp+BCshExAyKVPW91dozw==",
      "dev": true,
      "license": "MIT",
      "dependencies": {
        "postcss-selector-parser": "6.0.10"
      },
      "peerDependencies": {
        "tailwindcss": ">=3.0.0 || >=4.0.0 || insiders"
      }
    },
    "node_modules/bcp-47-match": {
      "version": "2.0.3",
      "resolved": "https://registry.npmjs.org/bcp-47-match/-/bcp-47-match-2.0.3.tgz",
      "integrity": "sha512-JtTezzbAibu8G0R9op9zb3vcWZd9JF6M0xOYGPn0fNCd7wOpRB1mU2mH9T8gaBGbAAyIIVgB2G7xG0GP98zMAQ==",
      "license": "MIT",
      "funding": {
        "type": "github",
        "url": "https://github.com/sponsors/wooorm"
      }
    },
    "node_modules/ce-la-react": {
      "version": "0.3.2",
      "resolved": "https://registry.npmjs.org/ce-la-react/-/ce-la-react-0.3.2.tgz",
      "integrity": "sha512-QJ6k4lOD/btI08xG8jBPxRCGXvCnusGGkTsiXk0u3NqUu/W+BXRnFD4PYjwtqh8AWmGa5LDbGk0fLQsqr0nSMA==",
      "license": "BSD-3-Clause",
      "peerDependencies": {
        "react": ">=17.0.0"
      }
    },
    "node_modules/codem-isoboxer": {
      "version": "0.3.10",
      "resolved": "https://registry.npmjs.org/codem-isoboxer/-/codem-isoboxer-0.3.10.tgz",
      "integrity": "sha512-eNk3TRV+xQMJ1PEj0FQGY8KD4m0GPxT487XJ+Iftm7mVa9WpPFDMWqPt+46buiP5j5Wzqe5oMIhqBcAeKfygSA==",
      "license": "MIT"
    },
    "node_modules/cssesc": {
      "version": "3.0.0",
      "resolved": "https://registry.npmjs.org/cssesc/-/cssesc-3.0.0.tgz",
      "integrity": "sha512-/Tb/JcjK111nNScGob5MNtsntNM1aCNUDipB/TkwZFhyDrrE47SOx/18wF2bbjgc3ZzCSKW1T5nt5EbFoAz/Vg==",
      "dev": true,
      "license": "MIT",
      "bin": {
        "cssesc": "bin/cssesc"
      },
      "engines": {
        "node": ">=4"
      }
    },
    "node_modules/custom-media-element": {
      "version": "1.4.6",
      "resolved": "https://registry.npmjs.org/custom-media-element/-/custom-media-element-1.4.6.tgz",
      "integrity": "sha512-/HRYqJOa1ob5ik4q7FIJVYxTJCFs/FL3+cQPAJjUf2uiqrDEzbTgB315gQ2rG8oK3w094W9m5tcB8S5Qah+caA==",
      "license": "MIT"
    },
    "node_modules/danmaku": {
      "version": "2.0.10",
      "resolved": "https://registry.npmjs.org/danmaku/-/danmaku-2.0.10.tgz",
      "integrity": "sha512-0rqpVcKbOlWX6w5lEm0E4QfCW4EEOIWw6XMNyQrp6kjpdV3rYk0zZzkxy612APrl98XsQnqNvxlkS/fFPRDoaA==",
      "license": "MIT"
    },
    "node_modules/dashjs": {
      "version": "5.2.1",
      "resolved": "https://registry.npmjs.org/dashjs/-/dashjs-5.2.1.tgz",
      "integrity": "sha512-axcJmLeJCTJMLUfQRErUJB1KOiU5iHF+DMLBc3FKeox1HPYtGUQlC6Xm5Mm6vhBUR3CHHLIPOqw0JDIqMtP+Dw==",
      "license": "BSD-3-Clause",
      "dependencies": {
        "@svta/cml-608": "1.0.2",
        "@svta/cml-cmcd": "2.3.2",
        "@svta/cml-cmsd": "1.0.6",
        "@svta/cml-dash": "1.0.6",
        "@svta/cml-id3": "1.0.6",
        "@svta/cml-request": "1.0.12",
        "@svta/cml-xml": "1.1.4",
        "bcp-47-match": "^2.0.3",
        "codem-isoboxer": "0.3.10",
        "fast-deep-equal": "3.1.3",
        "html-entities": "^2.6.0",
        "imsc": "^1.1.5",
        "localforage": "^1.10.0",
        "path-browserify": "^1.0.1"
      },
      "engines": {
        "node": ">=20"
      }
    },
    "node_modules/es6-promise": {
      "version": "4.2.8",
      "resolved": "https://registry.npmjs.org/es6-promise/-/es6-promise-4.2.8.tgz",
      "integrity": "sha512-HJDGx5daxeIvxdBxvG2cb9g4tEvwIk3i8+nhX0yGrYmZUzbkdg8QbDevheDB8gd0//uPj4c1EQua8Q+MViT0/w==",
      "license": "MIT"
    },
    "node_modules/events": {
      "version": "3.3.0",
      "resolved": "https://registry.npmjs.org/events/-/events-3.3.0.tgz",
      "integrity": "sha512-mQw+2fkQbALzQ7V0MY0IqdnXNOeTtP4r0lN9z7AAawCXgqea7bDii20AYrIBrFd/Hx0M2Ocz6S111CaFkUcb0Q==",
      "license": "MIT",
      "engines": {
        "node": ">=0.8.x"
      }
    },
    "node_modules/fast-deep-equal": {
      "version": "3.1.3",
      "resolved": "https://registry.npmjs.org/fast-deep-equal/-/fast-deep-equal-3.1.3.tgz",
      "integrity": "sha512-f3qQ9oQy9j2AhBe/H9VC91wLmKBCCU/gDOnKNAYG5hswO7BLKj09Hc5HYNz9cGI++xlpDCIgDaitVs03ATR84Q==",
      "license": "MIT"
    },
    "node_modules/hls-video-element": {
      "version": "1.5.11",
      "resolved": "https://registry.npmjs.org/hls-video-element/-/hls-video-element-1.5.11.tgz",
      "integrity": "sha512-tJJ65/52CDxj8XFyIve6zT9nVVdUIc6mqvKR25X0ycPKHk07rpjp4xxVteeCefDUBSf/tFLhlICFmn3KWj37xA==",
      "license": "MIT",
      "dependencies": {
        "custom-media-element": "^1.4.6",
        "hls.js": "^1.6.5",
        "media-tracks": "^0.3.5"
      }
    },
    "node_modules/hls.js": {
      "version": "1.7.3",
      "resolved": "https://registry.npmjs.org/hls.js/-/hls.js-1.7.3.tgz",
      "integrity": "sha512-MsPlx6yVW4Qv4C7mEVou4/gk/5cN2dVxOTnrNjPSmyH2f0Ln+/UkG10Ax1PE6OvrmTVPKgQYozTtBaPOuCzq7A==",
      "license": "Apache-2.0"
    },
    "node_modules/html-entities": {
      "version": "2.6.0",
      "resolved": "https://registry.npmjs.org/html-entities/-/html-entities-2.6.0.tgz",
      "integrity": "sha512-kig+rMn/QOVRvr7c86gQ8lWXq+Hkv6CbAH1hLu+RG338StTpE8Z0b44SDVaqVu7HGKf27frdmUYEs9hTUX/cLQ==",
      "funding": [
        {
          "type": "github",
          "url": "https://github.com/sponsors/mdevils"
        },
        {
          "type": "patreon",
          "url": "https://patreon.com/mdevils"
        }
      ],
      "license": "MIT"
    },
    "node_modules/immediate": {
      "version": "3.0.6",
      "resolved": "https://registry.npmjs.org/immediate/-/immediate-3.0.6.tgz",
      "integrity": "sha512-XXOFtyqDjNDAQxVfYxuF7g9Il/IbWmmlQg2MYKOH8ExIT1qg6xc4zyS3HaEEATgs1btfzxq15ciUiY7gjSXRGQ==",
      "license": "MIT"
    },
    "node_modules/imsc": {
      "version": "1.1.5",
      "resolved": "https://registry.npmjs.org/imsc/-/imsc-1.1.5.tgz",
      "integrity": "sha512-V8je+CGkcvGhgl2C1GlhqFFiUOIEdwXbXLiu1Fcubvvbo+g9inauqT3l0pNYXGoLPBj3jxtZz9t+wCopMkwadQ==",
      "license": "BSD-2-Clause",
      "dependencies": {
        "sax": "1.2.1"
      }
    },
    "node_modules/lie": {
      "version": "3.1.1",
      "resolved": "https://registry.npmjs.org/lie/-/lie-3.1.1.tgz",
      "integrity": "sha512-RiNhHysUjhrDQntfYSfY4MU24coXXdEOgw9WGcKHNeEwffDYbF//u87M1EWaMGzuFoSbqW0C9C6lEEhDOAswfw==",
      "license": "MIT",
      "dependencies": {
        "immediate": "~3.0.5"
      }
    },
    "node_modules/localforage": {
      "version": "1.10.0",
      "resolved": "https://registry.npmjs.org/localforage/-/localforage-1.10.0.tgz",
      "integrity": "sha512-14/H1aX7hzBBmmh7sGPd+AOMkkIrHM3Z1PAyGgZigA1H1p5O5ANnMyWzvpAETtG68/dC4pC0ncy3+PPGzXZHPg==",
      "license": "Apache-2.0",
      "dependencies": {
        "lie": "3.1.1"
      }
    },
    "node_modules/media-chrome": {
      "version": "4.19.2",
      "resolved": "https://registry.npmjs.org/media-chrome/-/media-chrome-4.19.2.tgz",
      "integrity": "sha512-4ai1ITN8wBhwugQcRgqe3tN0z6OSKGOXqHLNrS04MgKFfsLqu6Dm8MPq02pI9Y9ZKoXtFjIl85jOryIW9es3BA==",
      "license": "MIT",
      "dependencies": {
        "ce-la-react": "^0.3.2"
      }
    },
    "node_modules/media-tracks": {
      "version": "0.3.5",
      "resolved": "https://registry.npmjs.org/media-tracks/-/media-tracks-0.3.5.tgz",
      "integrity": "sha512-l54rkKXlLBt3ob3zOLWHcnjvwUmX5bNEZ70igyapOZZC9imzqBmq1oz8p2roiV04KhjblFIi2hetLPF1oYVLRA==",
      "license": "MIT"
    },
    "node_modules/mpegts.js": {
      "version": "1.8.2",
      "resolved": "https://registry.npmjs.org/mpegts.js/-/mpegts.js-1.8.2.tgz",
      "integrity": "sha512-cZYMa5muASH55wrS6JK5IGkUqnCA96c0f+WdnW91jIK9s/N6NzjmTQDJNYg9A5u/G2Q5nj2b3w1Zwzze/9guxA==",
      "license": "Apache-2.0",
      "dependencies": {
        "es6-promise": "^4.2.8",
        "events": "^3.3.0"
      },
      "engines": {
        "node": ">=20.9.0"
      }
    },
    "node_modules/opencc-js": {
      "version": "1.4.2",
      "resolved": "https://registry.npmjs.org/opencc-js/-/opencc-js-1.4.2.tgz",
      "integrity": "sha512-EdcspgdROiCCZDM+jZR6Pa670xW+EW2QhctPBQ8gRjg6lrx4IHEl+2s+kt5izk/TkxVRgdWuFgaGkaEdIUfdaw==",
      "license": "MIT AND Apache-2.0"
    },
    "node_modules/path-browserify": {
      "version": "1.0.1",
      "resolved": "https://registry.npmjs.org/path-browserify/-/path-browserify-1.0.1.tgz",
      "integrity": "sha512-b7uo2UCUOYZcnF/3ID0lulOJi/bafxa1xPe7ZPsammBSpjSWQkjNxlt635YGS2MiR9GjvuXCtz2emr3jbsz98g==",
      "license": "MIT"
    },
    "node_modules/postcss-selector-parser": {
      "version": "6.0.10",
      "resolved": "https://registry.npmjs.org/postcss-selector-parser/-/postcss-selector-parser-6.0.10.tgz",
      "integrity": "sha512-IQ7TZdoaqbT+LCpShg46jnZVlhWD2w6iQYAcYXfHARZ7X1t/UGhhceQDs5X0cGqKvYlHNOuv7Oa1xmb0oQuA3w==",
      "dev": true,
      "license": "MIT",
      "dependencies": {
        "cssesc": "^3.0.0",
        "util-deprecate": "^1.0.2"
      },
      "engines": {
        "node": ">=4"
      }
    },
    "node_modules/prettier": {
      "version": "3.9.6",
      "resolved": "https://registry.npmjs.org/prettier/-/prettier-3.9.6.tgz",
      "integrity": "sha512-OpN0zzVdiaiAhxpuuj5efpIS4sY9j7bY6uR5mnj5yPzGkdkjNKSJeUThPb60Jw29QuAZgA4o+/iB49kFiaBX6g==",
      "dev": true,
      "license": "MIT",
      "bin": {
        "prettier": "bin/prettier.cjs"
      },
      "engines": {
        "node": ">=14"
      },
      "funding": {
        "url": "https://github.com/prettier/prettier?sponsor=1"
      }
    },
    "node_modules/react": {
      "version": "19.2.3",
      "resolved": "https://registry.npmjs.org/react/-/react-19.2.3.tgz",
      "integrity": "sha512-Ku/hhYbVjOQnXDZFv2+RibmLFGwFdeeKHFcOTlrt7xplBnya5OGn/hIRDsqDiSUcfORsDC7MPxwork8jBwsIWA==",
      "license": "MIT",
      "peer": true,
      "engines": {
        "node": ">=0.10.0"
      }
    },
    "node_modules/sax": {
      "version": "1.2.1",
      "resolved": "https://registry.npmjs.org/sax/-/sax-1.2.1.tgz",
      "integrity": "sha512-8I2a3LovHTOpm7NV5yOyO8IHqgVsfK4+UuySrXU8YXkSRX7k6hCV9b3HrkKCr3nMpgj+0bmocaJJWpvp1oc7ZA==",
      "license": "ISC"
    },
    "node_modules/tailwindcss": {
      "version": "4.3.3",
      "resolved": "https://registry.npmjs.org/tailwindcss/-/tailwindcss-4.3.3.tgz",
      "integrity": "sha512-gOhV3P7ufE62QDGg1zVaTgCR+EtPv92k2nIhVcVKcLmxT1sUBsQGhnZj175j+MqRt4zLF7ic+sCYjfhxMxj7YQ==",
      "dev": true,
      "license": "MIT"
    },
    "node_modules/util-deprecate": {
      "version": "1.0.2",
      "resolved": "https://registry.npmjs.org/util-deprecate/-/util-deprecate-1.0.2.tgz",
      "integrity": "sha512-EPD5q1uXyFxJpCrLnCc1nHnq3gOa6DZBocAIiI2TaSCA7VCJ1UJDMagCzIkXNsUYfD1daK//LTEQ8xiIbrHtcw==",
      "dev": true,
      "license": "MIT"
    }
  }
}
